// !$*UTF8*$!
{
	archiveVersion = 1;
	classes = {
	};
	objectVersion = 46;
	objects = {

/* Begin PBXBuildFile section */
		4732FD0F1384FA940054A350 /* main.cpp in Sources */ = {isa = PBXBuildFile; fileRef = 4732FD0E1384FA940054A350 /* main.cpp */; };
		47598912138C701B000858D5 /* AWord.cpp in Sources */ = {isa = PBXBuildFile; fileRef = 47598910138C701B000858D5 /* AWord.cpp */; };
		47598918138E4840000858D5 /* wordout.cpp in Sources */ = {isa = PBXBuildFile; fileRef = 47598915138E4840000858D5 /* wordout.cpp */; };
		47649C441388887D00216095 /* WordMuncher.cpp in Sources */ = {isa = PBXBuildFile; fileRef = 47649C421388887D00216095 /* WordMuncher.cpp */; };
/* End PBXBuildFile section */

/* Begin PBXCopyFilesBuildPhase section */
		4732FD081384FA940054A350 /* CopyFiles */ = {
			isa = PBXCopyFilesBuildPhase;
			buildActionMask = 2147483647;
			dstPath = /usr/share/man/man1/;
			dstSubfolderSpec = 0;
			files = (
			);
			runOnlyForDeploymentPostprocessing = 1;
		};
/* End PBXCopyFilesBuildPhase section */

/* Begin PBXFileReference section */
		4732FD0A1384FA940054A350 /* WordATron */ = {isa = PBXFileReference; explicitFileType = "compiled.mach-o.executable"; includeInIndex = 0; path = WordATron; sourceTree = BUILT_PRODUCTS_DIR; };
		4732FD0E1384FA940054A350 /* main.cpp */ = {isa = PBXFileReference; lastKnownFileType = sourcecode.cpp.cpp; path = main.cpp; sourceTree = "<group>"; };
		4732FD101384FA940054A350 /* WordATron.1 */ = {isa = PBXFileReference; lastKnownFileType = text.man; path = WordATron.1; sourceTree = "<group>"; };
		4759890C138B885D000858D5 /* heap.h */ = {isa = PBXFileReference; fileEncoding = 4; lastKnownFileType = sourcecode.c.h; path = heap.h; sourceTree = "<group>"; };
		47598910138C701B000858D5 /* AWord.cpp */ = {isa = PBXFileReference; fileEncoding = 4; lastKnownFileType = sourcecode.cpp.cpp; path = AWord.cpp; sourceTree = "<group>"; };
		47598913138E4840000858D5 /* node.h */ = {isa = PBXFileReference; fileEncoding = 4; lastKnownFileType = sourcecode.c.h; path = node.h; sourceTree = "<group>"; };
		47598914138E4840000858D5 /* tree.h */ = {isa = PBXFileReference; fileEncoding = 4; lastKnownFileType = sourcecode.c.h; path = tree.h; sourceTree = "<group>"; };
		47598915138E4840000858D5 /* wordout.cpp */ = {isa = PBXFileReference; fileEncoding = 4; lastKnownFileType = sourcecode.cpp.cpp; path = wordout.cpp; sourceTree = "<group>"; };
		47598917138E4840000858D5 /* words.h */ = {isa = PBXFileReference; fileEncoding = 4; lastKnownFileType = sourcecode.c.h; path = words.h; sourceTree = "<group>"; };
		4759891A138F1C4C000858D5 /* wordout.h */ = {isa = PBXFileReference; fileEncoding = 4; lastKnownFileType = sourcecode.c.h; path = wordout.h; sourceTree = "<group>"; };
		47649C1D1385D12600216095 /* AWord.h */ = {isa = PBXFileReference; fileEncoding = 4; lastKnownFileType = sourcecode.c.h; path = AWord.h; sourceTree = "<group>"; };
		47649C421388887D00216095 /* WordMuncher.cpp */ = {isa = PBXFileReference; fileEncoding = 4; lastKnownFileType = sourcecode.cpp.cpp; path = WordMuncher.cpp; sourceTree = "<group>"; };
		47649C431388887D00216095 /* WordMuncher.h */ = {isa = PBXFileReference; fileEncoding = 4; lastKnownFileType = sourcecode.c.h; path = WordMuncher.h; sourceTree = "<group>"; };
/* End PBXFileReference section */

/* Begin PBXFrameworksBuildPhase section */
		4732FD071384FA940054A350 /* Frameworks */ = {
			isa = PBXFrameworksBuildPhase;
			buildActionMask = 2147483647;
			files = (
			);
			runOnlyForDeploymentPostprocessing = 0;
		};
/* End PBXFrameworksBuildPhase section */

/* Begin PBXGroup section */
		4732FCFF1384FA940054A350 = {
			isa = PBXGroup;
			children = (
				4732FD0D1384FA940054A350 /* WordATron */,
				4732FD0B1384FA940054A350 /* Products */,
			);
			sourceTree = "<group>";
		};
		4732FD0B1384FA940054A350 /* Products */ = {
			isa = PBXGroup;
			children = (
				4732FD0A1384FA940054A350 /* WordATron */,
			);
			name = Products;
			sourceTree = "<group>";
		};
		4732FD0D1384FA940054A350 /* WordATron */ = {
			isa = PBXGroup;
			children = (
				4759891A138F1C4C000858D5 /* wordout.h */,
				47598913138E4840000858D5 /* node.h */,
				47598914138E4840000858D5 /* tree.h */,
				47598915138E4840000858D5 /* wordout.cpp */,
				47598917138E4840000858D5 /* words.h */,
				4759890C138B885D000858D5 /* heap.h */,
				4732FD0E1384FA940054A350 /* main.cpp */,
				4732FD101384FA940054A350 /* WordATron.1 */,
				47649C1D1385D12600216095 /* AWord.h */,
				47649C421388887D00216095 /* WordMuncher.cpp */,
				47649C431388887D00216095 /* WordMuncher.h */,
				47598910138C701B000858D5 /* AWord.cpp */,
			);
			path = WordATron;
			sourceTree = "<group>";
		};
/* End PBXGroup section */

/* Begin PBXNativeTarget section */
		4732FD091384FA940054A350 /* WordATron */ = {
			isa = PBXNativeTarget;
			buildConfigurationList = 4732FD131384FA940054A350 /* Build configuration list for PBXNativeTarget "WordATron" */;
			buildPhases = (
				4732FD061384FA940054A350 /* Sources */,
				4732FD071384FA940054A350 /* Frameworks */,
				4732FD081384FA940054A350 /* CopyFiles */,
			);
			buildRules = (
			);
			dependencies = (
			);
			name = WordATron;
			productName = WordATron;
			productReference = 4732FD0A1384FA940054A350 /* WordATron */;
			productType = "com.apple.product-type.tool";
		};
/* End PBXNativeTarget section */

/* Begin PBXProject section */
		4732FD011384FA940054A350 /* Project object */ = {
			isa = PBXProject;
			attributes = {
				ORGANIZATIONNAME = bellmonde;
			};
			buildConfigurationList = 4732FD041384FA940054A350 /* Build configuration list for PBXProject "WordATron" */;
			compatibilityVersion = "Xcode 3.2";
			developmentRegion = English;
			hasScannedForEncodings = 0;
			knownRegions = (
				en,
			);
			mainGroup = 4732FCFF1384FA940054A350;
			productRefGroup = 4732FD0B1384FA940054A350 /* Products */;
			projectDirPath = "";
			projectRoot = "";
			targets = (
				4732FD091384FA940054A350 /* WordATron */,
			);
		};
/* End PBXProject section */

/* Begin PBXSourcesBuildPhase section */
		4732FD061384FA940054A350 /* Sources */ = {
			isa = PBXSourcesBuildPhase;
			buildActionMask = 2147483647;
			files = (
				4732FD0F1384FA940054A350 /* main.cpp in Sources */,
				47649C441388887D00216095 /* WordMuncher.cpp in Sources */,
				47598912138C701B000858D5 /* AWord.cpp in Sources */,
				47598918138E4840000858D5 /* wordout.cpp in Sources */,
			);
			runOnlyForDeploymentPostprocessing = 0;
		};
/* End PBXSourcesBuildPhase section */

/* Begin XCBuildConfiguration section */
		4732FD111384FA940054A350 /* Debug */ = {
			isa = XCBuildConfiguration;
			buildSettings = {
				ARCHS = "$(ARCHS_STANDARD_32_64_BIT)";
				GCC_C_LANGUAGE_STANDARD = gnu99;
				GCC_OPTIMIZATION_LEVEL = 0;
				GCC_PREPROCESSOR_DEFINITIONS = DEBUG;
				GCC_SYMBOLS_PRIVATE_EXTERN = NO;
				GCC_VERSION = com.apple.compilers.llvm.clang.1_0;
				GCC_WARN_64_TO_32_BIT_CONVERSION = YES;
				GCC_WARN_ABOUT_RETURN_TYPE = YES;
				GCC_WARN_UNUSED_VARIABLE = YES;
				HEADER_SEARCH_PATHS = "";
				MACOSX_DEPLOYMENT_TARGET = 10.6;
				ONLY_ACTIVE_ARCH = YES;
				SDKROOT = macosx;
			};
			name = Debug;
		};
		4732FD121384FA940054A350 /* Release */ = {
			isa = XCBuildConfiguration;
			buildSettings = {
				ARCHS = "$(ARCHS_STANDARD_32_64_BIT)";
				GCC_C_LANGUAGE_STANDARD = gnu99;
				GCC_VERSION = com.apple.compilers.llvm.clang.1_0;
				GCC_WARN_64_TO_32_BIT_CONVERSION = YES;
				GCC_WARN_ABOUT_RETURN_TYPE = YES;
				GCC_WARN_UNUSED_VARIABLE = YES;
				HEADER_SEARCH_PATHS = "";
				MACOSX_DEPLOYMENT_TARGET = 10.6;
				SDKROOT = macosx;
			};
			name = Release;
		};
		4732FD141384FA940054A350 /* Debug */ = {
			isa = XCBuildConfiguration;
			buildSettings = {
				ALWAYS_SEARCH_USER_PATHS = NO;
				COPY_PHASE_STRIP = NO;
				FRAMEWORK_SEARCH_PATHS = "/Developer/Llibs/boost/boost-trunk/bin.v2/libs";
				GCC_DYNAMIC_NO_PIC = NO;
				GCC_ENABLE_OBJC_EXCEPTIONS = YES;
				HEADER_SEARCH_PATHS = "/Developer/Llibs/boost/boost-trunk";
				LIBRARY_SEARCH_PATHS = (
					"/Developer/Llibs/boost/boost-trunk/bin.v2/libs",
					"\"$(DEVELOPER_DIR)/Llibs/boost/boost-trunk/bin.v2/libs/regex/build/darwin-4.2.1/release/threading-multi\"",
					"\"$(DEVELOPER_DIR)/Llibs/boost/boost-trunk/bin.v2/libs/regex/build/darwin-4.2.1/release/link-static/threading-multi\"",
				);
				PRODUCT_NAME = "$(TARGET_NAME)";
			};
			name = Debug;
		};
		4732FD151384FA940054A350 /* Release */ = {
			isa = XCBuildConfiguration;
			buildSettings = {
				ALWAYS_SEARCH_USER_PATHS = NO;
				COPY_PHASE_STRIP = YES;
				DEBUG_INFORMATION_FORMAT = "dwarf-with-dsym";
				FRAMEWORK_SEARCH_PATHS = "/Developer/Llibs/boost/boost-trunk/bin.v2/libs";
				GCC_ENABLE_OBJC_EXCEPTIONS = YES;
				HEADER_SEARCH_PATHS = "/Developer/Llibs/boost/boost-trunk";
				LIBRARY_SEARCH_PATHS = (
					"/Developer/Llibs/boost/boost-trunk/bin.v2/libs",
					"\"$(DEVELOPER_DIR)/Llibs/boost/boost-trunk/bin.v2/libs/regex/build/darwin-4.2.1/release/threading-multi\"",
					"\"$(DEVELOPER_DIR)/Llibs/boost/boost-trunk/bin.v2/libs/regex/build/darwin-4.2.1/release/link-static/threading-multi\"",
				);
				PRODUCT_NAME = "$(TARGET_NAME)";
			};
			name = Release;
		};
/* End XCBuildConfiguration section */

/* Begin XCConfigurationList section */
		4732FD041384FA940054A350 /* Build configuration list for PBXProject "WordATron" */ = {
			isa = XCConfigurationList;
			buildConfigurations = (
				4732FD111384FA940054A350 /* Debug */,
				4732FD121384FA940054A350 /* Release */,
			);
			defaultConfigurationIsVisible = 0;
			defaultConfigurationName = Release;
		};
		4732FD131384FA940054A350 /* Build configuration list for PBXNativeTarget "WordATron" */ = {
			isa = XCConfigurationList;
			buildConfigurations = (
				4732FD141384FA940054A350 /* Debug */,
				4732FD151384FA940054A350 /* Release */,
			);
			defaultConfigurationIsVisible = 0;
			defaultConfigurationName = Release;
		};
/* End XCConfigurationList section */
	};
	rootObject = 4732FD011384FA940054A350 /* Project object */;
}
